Microsoft Visual Studio Solution File, Format Version 12.00
# Visual Studio Version 17
VisualStudioVersion = 17.14.35906.104
MinimumVisualStudioVersion = 10.0.40219.1
Project("{FAE04EC0-301F-11D3-BF4B-00C04F79EFBC}") = "ChmlFrp_Advanced_Toolkit", ".cat/ChmlFrp_Advanced_Toolkit.csproj", "{79C371FE-86C4-680B-CF67-E0D213B1C474}"
EndProject
Project("{FAE04EC0-301F-11D3-BF4B-00C04F79EFBC}") = "CATPlugin", ".plugin\CATPlugin.csproj", "{B3744787-6B7A-40F8-973C-DED4B74A4675}"
EndProject
Global
	GlobalSection(SolutionConfigurationPlatforms) = preSolution
		Debug|Any CPU = Debug|Any CPU
		Release|Any CPU = Release|Any CPU
	EndGlobalSection
	GlobalSection(ProjectConfigurationPlatforms) = postSolution
		{79C371FE-86C4-680B-CF67-E0D213B1C474}.Debug|Any CPU.ActiveCfg = Debug|Any CPU
		{79C371FE-86C4-680B-CF67-E0D213B1C474}.Debug|Any CPU.Build.0 = Debug|Any CPU
		{79C371FE-86C4-680B-CF67-E0D213B1C474}.Release|Any CPU.ActiveCfg = Release|Any CPU
		{79C371FE-86C4-680B-CF67-E0D213B1C474}.Release|Any CPU.Build.0 = Release|Any CPU
		{B3744787-6B7A-40F8-973C-DED4B74A4675}.Debug|Any CPU.ActiveCfg = Debug|Any CPU
		{B3744787-6B7A-40F8-973C-DED4B74A4675}.Debug|Any CPU.Build.0 = Debug|Any CPU
		{B3744787-6B7A-40F8-973C-DED4B74A4675}.Release|Any CPU.ActiveCfg = Release|Any CPU
		{B3744787-6B7A-40F8-973C-DED4B74A4675}.Release|Any CPU.Build.0 = Release|Any CPU
	EndGlobalSection
	GlobalSection(SolutionProperties) = preSolution
		HideSolutionNode = FALSE
	EndGlobalSection
	GlobalSection(ExtensibilityGlobals) = postSolution
		SolutionGuid = {57A738AB-F2D3-431D-8704-48F2DA4EC21C}
	EndGlobalSection
	GlobalSection(NestedProjects) = preSolution
	EndGlobalSection
EndGlobal
